
Microsoft Visual Studio Solution File, Format Version 12.00
# Visual Studio 15
VisualStudioVersion = 15.0.27004.2002
MinimumVisualStudioVersion = 10.0.40219.1
Project("{FAE04EC0-301F-11D3-BF4B-00C04F79EFBC}") = "RingTV CIM oplijsting", "RingTV CIM oplijsting\RingTV CIM oplijsting.csproj", "{3EF0F93A-DA53-41C3-AE8B-9BE7F2775509}"
EndProject
Global
	GlobalSection(SolutionConfigurationPlatforms) = preSolution
		Debug|Any CPU = Debug|Any CPU
		Release|Any CPU = Release|Any CPU
	EndGlobalSection
	GlobalSection(ProjectConfigurationPlatforms) = postSolution
		{3EF0F93A-DA53-41C3-AE8B-9BE7F2775509}.Debug|Any CPU.ActiveCfg = Debug|Any CPU
		{3EF0F93A-DA53-41C3-AE8B-9BE7F2775509}.Debug|Any CPU.Build.0 = Debug|Any CPU
		{3EF0F93A-DA53-41C3-AE8B-9BE7F2775509}.Release|Any CPU.ActiveCfg = Release|Any CPU
		{3EF0F93A-DA53-41C3-AE8B-9BE7F2775509}.Release|Any CPU.Build.0 = Release|Any CPU
	EndGlobalSection
	GlobalSection(SolutionProperties) = preSolution
		HideSolutionNode = FALSE
	EndGlobalSection
	GlobalSection(ExtensibilityGlobals) = postSolution
		SolutionGuid = {33C42F7A-B4D5-4240-B166-C3173AF6FC7E}
	EndGlobalSection
EndGlobal
